
Microsoft Visual Studio Solution File, Format Version 12.00
# Visual Studio Version 16
VisualStudioVersion = 16.0.30804.86
MinimumVisualStudioVersion = 10.0.40219.1
Project("{FAE04EC0-301F-11D3-BF4B-00C04F79EFBC}") = "01-MiPrimeraApp.Server", "Server\01-MiPrimeraApp.Server.csproj", "{837062AC-25B4-4036-BDCF-D289A55579CC}"
EndProject
Project("{FAE04EC0-301F-11D3-BF4B-00C04F79EFBC}") = "01-MiPrimeraApp.Client", "Client\01-MiPrimeraApp.Client.csproj", "{2A4AD2EA-9AB1-4970-9417-83D9B9DDEA4E}"
EndProject
Project("{FAE04EC0-301F-11D3-BF4B-00C04F79EFBC}") = "01-MiPrimeraApp.Shared", "Shared\01-MiPrimeraApp.Shared.csproj", "{98D2EB8A-7394-455B-A104-76C95CC9D152}"
EndProject
Global
	GlobalSection(SolutionConfigurationPlatforms) = preSolution
		Debug|Any CPU = Debug|Any CPU
		Release|Any CPU = Release|Any CPU
	EndGlobalSection
	GlobalSection(ProjectConfigurationPlatforms) = postSolution
		{837062AC-25B4-4036-BDCF-D289A55579CC}.Debug|Any CPU.ActiveCfg = Debug|Any CPU
		{837062AC-25B4-4036-BDCF-D289A55579CC}.Debug|Any CPU.Build.0 = Debug|Any CPU
		{837062AC-25B4-4036-BDCF-D289A55579CC}.Release|Any CPU.ActiveCfg = Release|Any CPU
		{837062AC-25B4-4036-BDCF-D289A55579CC}.Release|Any CPU.Build.0 = Release|Any CPU
		{2A4AD2EA-9AB1-4970-9417-83D9B9DDEA4E}.Debug|Any CPU.ActiveCfg = Debug|Any CPU
		{2A4AD2EA-9AB1-4970-9417-83D9B9DDEA4E}.Debug|Any CPU.Build.0 = Debug|Any CPU
		{2A4AD2EA-9AB1-4970-9417-83D9B9DDEA4E}.Release|Any CPU.ActiveCfg = Release|Any CPU
		{2A4AD2EA-9AB1-4970-9417-83D9B9DDEA4E}.Release|Any CPU.Build.0 = Release|Any CPU
		{98D2EB8A-7394-455B-A104-76C95CC9D152}.Debug|Any CPU.ActiveCfg = Debug|Any CPU
		{98D2EB8A-7394-455B-A104-76C95CC9D152}.Debug|Any CPU.Build.0 = Debug|Any CPU
		{98D2EB8A-7394-455B-A104-76C95CC9D152}.Release|Any CPU.ActiveCfg = Release|Any CPU
		{98D2EB8A-7394-455B-A104-76C95CC9D152}.Release|Any CPU.Build.0 = Release|Any CPU
	EndGlobalSection
	GlobalSection(SolutionProperties) = preSolution
		HideSolutionNode = FALSE
	EndGlobalSection
	GlobalSection(ExtensibilityGlobals) = postSolution
		SolutionGuid = {BF32A821-8816-4AAA-B55B-1E2563BA7B56}
	EndGlobalSection
EndGlobal
